
Microsoft Visual Studio Solution File, Format Version 12.00
# Visual Studio 2017
Project("{FAE04EC0-301F-11D3-BF4B-00C04F79EFBC}") = "SharingExperience", "SharingExperience.csproj", "{EA3E1D39-A797-4442-EC95-63281BDA0E00}"
EndProject
Project("{FAE04EC0-301F-11D3-BF4B-00C04F79EFBC}") = "SharingExperience.Editor", "SharingExperience.Editor.csproj", "{CEE0DFB6-2B32-BD36-F572-E5587BF48582}"
EndProject
Global
	GlobalSection(SolutionConfigurationPlatforms) = preSolution
		Debug|Any CPU = Debug|Any CPU
		Release|Any CPU = Release|Any CPU
	EndGlobalSection
	GlobalSection(ProjectConfigurationPlatforms) = postSolution
		{EA3E1D39-A797-4442-EC95-63281BDA0E00}.Debug|Any CPU.ActiveCfg = Debug|Any CPU
		{EA3E1D39-A797-4442-EC95-63281BDA0E00}.Debug|Any CPU.Build.0 = Debug|Any CPU
		{EA3E1D39-A797-4442-EC95-63281BDA0E00}.Release|Any CPU.ActiveCfg = Release|Any CPU
		{EA3E1D39-A797-4442-EC95-63281BDA0E00}.Release|Any CPU.Build.0 = Release|Any CPU
		{CEE0DFB6-2B32-BD36-F572-E5587BF48582}.Debug|Any CPU.ActiveCfg = Debug|Any CPU
		{CEE0DFB6-2B32-BD36-F572-E5587BF48582}.Debug|Any CPU.Build.0 = Debug|Any CPU
		{CEE0DFB6-2B32-BD36-F572-E5587BF48582}.Release|Any CPU.ActiveCfg = Release|Any CPU
		{CEE0DFB6-2B32-BD36-F572-E5587BF48582}.Release|Any CPU.Build.0 = Release|Any CPU
	EndGlobalSection
	GlobalSection(SolutionProperties) = preSolution
		HideSolutionNode = FALSE
	EndGlobalSection
EndGlobal
